// !$*UTF8*$!
{
	archiveVersion = 1;
	classes = {
	};
	objectVersion = 50;
	objects = {

/* Begin PBXBuildFile section */
		D334B61E26E3D48800C0E8FD /* AppDelegate.swift in Sources */ = {isa = PBXBuildFile; fileRef = D334B61D26E3D48800C0E8FD /* AppDelegate.swift */; };
		D334B62026E3D48800C0E8FD /* SceneDelegate.swift in Sources */ = {isa = PBXBuildFile; fileRef = D334B61F26E3D48800C0E8FD /* SceneDelegate.swift */; };
		D334B62A26E3D48A00C0E8FD /* Assets.xcassets in Resources */ = {isa = PBXBuildFile; fileRef = D334B62926E3D48A00C0E8FD /* Assets.xcassets */; };
		D334B62D26E3D48A00C0E8FD /* LaunchScreen.storyboard in Resources */ = {isa = PBXBuildFile; fileRef = D334B62B26E3D48A00C0E8FD /* LaunchScreen.storyboard */; };
		D334B63726E3D65A00C0E8FD /* User.swift in Sources */ = {isa = PBXBuildFile; fileRef = D334B63626E3D65A00C0E8FD /* User.swift */; };
		D334B63926E3D6E100C0E8FD /* Album.swift in Sources */ = {isa = PBXBuildFile; fileRef = D334B63826E3D6E100C0E8FD /* Album.swift */; };
		D334B63B26E3D74400C0E8FD /* Photo.swift in Sources */ = {isa = PBXBuildFile; fileRef = D334B63A26E3D74400C0E8FD /* Photo.swift */; };
		D334B64626E3DF2D00C0E8FD /* UsersViewController.swift in Sources */ = {isa = PBXBuildFile; fileRef = D334B64526E3DF2D00C0E8FD /* UsersViewController.swift */; };
		D334B64926E3DF5B00C0E8FD /* UsersView.swift in Sources */ = {isa = PBXBuildFile; fileRef = D334B64826E3DF5B00C0E8FD /* UsersView.swift */; };
		D334B64C26E3E1D900C0E8FD /* UsersLoader.swift in Sources */ = {isa = PBXBuildFile; fileRef = D334B64B26E3E1D900C0E8FD /* UsersLoader.swift */; };
		D334B64F26E3E88300C0E8FD /* UserCell.swift in Sources */ = {isa = PBXBuildFile; fileRef = D334B64E26E3E88300C0E8FD /* UserCell.swift */; };
		D334B65226E3EE3A00C0E8FD /* PhotosViewController.swift in Sources */ = {isa = PBXBuildFile; fileRef = D334B65126E3EE3A00C0E8FD /* PhotosViewController.swift */; };
		D334B65526E3EE8900C0E8FD /* PhotosView.swift in Sources */ = {isa = PBXBuildFile; fileRef = D334B65426E3EE8900C0E8FD /* PhotosView.swift */; };
		D334B65826E3F38F00C0E8FD /* PhotosLoader.swift in Sources */ = {isa = PBXBuildFile; fileRef = D334B65726E3F38F00C0E8FD /* PhotosLoader.swift */; };
		D334B65B26E40B8D00C0E8FD /* PhotoCell.swift in Sources */ = {isa = PBXBuildFile; fileRef = D334B65A26E40B8D00C0E8FD /* PhotoCell.swift */; };
		D334B66126E51B5C00C0E8FD /* ImageView.swift in Sources */ = {isa = PBXBuildFile; fileRef = D334B66026E51B5C00C0E8FD /* ImageView.swift */; };
		D334B66726E5697200C0E8FD /* AlbumsView.swift in Sources */ = {isa = PBXBuildFile; fileRef = D334B66626E5697200C0E8FD /* AlbumsView.swift */; };
		D334B66926E56A8F00C0E8FD /* AlbumsViewController.swift in Sources */ = {isa = PBXBuildFile; fileRef = D334B66826E56A8F00C0E8FD /* AlbumsViewController.swift */; };
		D334B66C26E56B5C00C0E8FD /* AlbumCell.swift in Sources */ = {isa = PBXBuildFile; fileRef = D334B66B26E56B5C00C0E8FD /* AlbumCell.swift */; };
		D334B66F26E577A000C0E8FD /* AlbumsLoader.swift in Sources */ = {isa = PBXBuildFile; fileRef = D334B66E26E577A000C0E8FD /* AlbumsLoader.swift */; };
/* End PBXBuildFile section */

/* Begin PBXFileReference section */
		D334B61A26E3D48800C0E8FD /* jsonplaceholder_test_ios.app */ = {isa = PBXFileReference; explicitFileType = wrapper.application; includeInIndex = 0; path = jsonplaceholder_test_ios.app; sourceTree = BUILT_PRODUCTS_DIR; };
		D334B61D26E3D48800C0E8FD /* AppDelegate.swift */ = {isa = PBXFileReference; lastKnownFileType = sourcecode.swift; path = AppDelegate.swift; sourceTree = "<group>"; };
		D334B61F26E3D48800C0E8FD /* SceneDelegate.swift */ = {isa = PBXFileReference; lastKnownFileType = sourcecode.swift; path = SceneDelegate.swift; sourceTree = "<group>"; };
		D334B62926E3D48A00C0E8FD /* Assets.xcassets */ = {isa = PBXFileReference; lastKnownFileType = folder.assetcatalog; path = Assets.xcassets; sourceTree = "<group>"; };
		D334B62C26E3D48A00C0E8FD /* Base */ = {isa = PBXFileReference; lastKnownFileType = file.storyboard; name = Base; path = Base.lproj/LaunchScreen.storyboard; sourceTree = "<group>"; };
		D334B62E26E3D48A00C0E8FD /* Info.plist */ = {isa = PBXFileReference; lastKnownFileType = text.plist.xml; path = Info.plist; sourceTree = "<group>"; };
		D334B63626E3D65A00C0E8FD /* User.swift */ = {isa = PBXFileReference; lastKnownFileType = sourcecode.swift; path = User.swift; sourceTree = "<group>"; };
		D334B63826E3D6E100C0E8FD /* Album.swift */ = {isa = PBXFileReference; lastKnownFileType = sourcecode.swift; path = Album.swift; sourceTree = "<group>"; };
		D334B63A26E3D74400C0E8FD /* Photo.swift */ = {isa = PBXFileReference; lastKnownFileType = sourcecode.swift; path = Photo.swift; sourceTree = "<group>"; };
		D334B64526E3DF2D00C0E8FD /* UsersViewController.swift */ = {isa = PBXFileReference; lastKnownFileType = sourcecode.swift; path = UsersViewController.swift; sourceTree = "<group>"; };
		D334B64826E3DF5B00C0E8FD /* UsersView.swift */ = {isa = PBXFileReference; lastKnownFileType = sourcecode.swift; path = UsersView.swift; sourceTree = "<group>"; };
		D334B64B26E3E1D900C0E8FD /* UsersLoader.swift */ = {isa = PBXFileReference; lastKnownFileType = sourcecode.swift; path = UsersLoader.swift; sourceTree = "<group>"; };
		D334B64E26E3E88300C0E8FD /* UserCell.swift */ = {isa = PBXFileReference; lastKnownFileType = sourcecode.swift; path = UserCell.swift; sourceTree = "<group>"; };
		D334B65126E3EE3A00C0E8FD /* PhotosViewController.swift */ = {isa = PBXFileReference; lastKnownFileType = sourcecode.swift; path = PhotosViewController.swift; sourceTree = "<group>"; };
		D334B65426E3EE8900C0E8FD /* PhotosView.swift */ = {isa = PBXFileReference; lastKnownFileType = sourcecode.swift; path = PhotosView.swift; sourceTree = "<group>"; };
		D334B65726E3F38F00C0E8FD /* PhotosLoader.swift */ = {isa = PBXFileReference; lastKnownFileType = sourcecode.swift; path = PhotosLoader.swift; sourceTree = "<group>"; };
		D334B65A26E40B8D00C0E8FD /* PhotoCell.swift */ = {isa = PBXFileReference; lastKnownFileType = sourcecode.swift; path = PhotoCell.swift; sourceTree = "<group>"; };
		D334B66026E51B5C00C0E8FD /* ImageView.swift */ = {isa = PBXFileReference; lastKnownFileType = sourcecode.swift; path = ImageView.swift; sourceTree = "<group>"; };
		D334B66626E5697200C0E8FD /* AlbumsView.swift */ = {isa = PBXFileReference; lastKnownFileType = sourcecode.swift; path = AlbumsView.swift; sourceTree = "<group>"; };
		D334B66826E56A8F00C0E8FD /* AlbumsViewController.swift */ = {isa = PBXFileReference; lastKnownFileType = sourcecode.swift; path = AlbumsViewController.swift; sourceTree = "<group>"; };
		D334B66B26E56B5C00C0E8FD /* AlbumCell.swift */ = {isa = PBXFileReference; lastKnownFileType = sourcecode.swift; path = AlbumCell.swift; sourceTree = "<group>"; };
		D334B66E26E577A000C0E8FD /* AlbumsLoader.swift */ = {isa = PBXFileReference; lastKnownFileType = sourcecode.swift; path = AlbumsLoader.swift; sourceTree = "<group>"; };
/* End PBXFileReference section */

/* Begin PBXFrameworksBuildPhase section */
		D334B61726E3D48800C0E8FD /* Frameworks */ = {
			isa = PBXFrameworksBuildPhase;
			buildActionMask = 2147483647;
			files = (
			);
			runOnlyForDeploymentPostprocessing = 0;
		};
/* End PBXFrameworksBuildPhase section */

/* Begin PBXGroup section */
		D334B61126E3D48800C0E8FD = {
			isa = PBXGroup;
			children = (
				D334B61C26E3D48800C0E8FD /* jsonplaceholder_test_ios */,
				D334B61B26E3D48800C0E8FD /* Products */,
			);
			sourceTree = "<group>";
		};
		D334B61B26E3D48800C0E8FD /* Products */ = {
			isa = PBXGroup;
			children = (
				D334B61A26E3D48800C0E8FD /* jsonplaceholder_test_ios.app */,
			);
			name = Products;
			sourceTree = "<group>";
		};
		D334B61C26E3D48800C0E8FD /* jsonplaceholder_test_ios */ = {
			isa = PBXGroup;
			children = (
				D334B65F26E51B4E00C0E8FD /* View */,
				D334B63526E3D64A00C0E8FD /* Model */,
				D334B63C26E3D87700C0E8FD /* AppDelegate */,
				D334B63E26E3D89000C0E8FD /* Module */,
				D334B63F26E3D93900C0E8FD /* Resources */,
			);
			path = jsonplaceholder_test_ios;
			sourceTree = "<group>";
		};
		D334B63526E3D64A00C0E8FD /* Model */ = {
			isa = PBXGroup;
			children = (
				D334B63626E3D65A00C0E8FD /* User.swift */,
				D334B63826E3D6E100C0E8FD /* Album.swift */,
				D334B63A26E3D74400C0E8FD /* Photo.swift */,
			);
			path = Model;
			sourceTree = "<group>";
		};
		D334B63C26E3D87700C0E8FD /* AppDelegate */ = {
			isa = PBXGroup;
			children = (
				D334B61D26E3D48800C0E8FD /* AppDelegate.swift */,
				D334B61F26E3D48800C0E8FD /* SceneDelegate.swift */,
			);
			path = AppDelegate;
			sourceTree = "<group>";
		};
		D334B63E26E3D89000C0E8FD /* Module */ = {
			isa = PBXGroup;
			children = (
				D334B66426E5695C00C0E8FD /* Albums */,
				D334B65026E3EE2400C0E8FD /* Photos */,
				D334B64426E3DF1400C0E8FD /* Users */,
			);
			path = Module;
			sourceTree = "<group>";
		};
		D334B63F26E3D93900C0E8FD /* Resources */ = {
			isa = PBXGroup;
			children = (
				D334B62926E3D48A00C0E8FD /* Assets.xcassets */,
				D334B62B26E3D48A00C0E8FD /* LaunchScreen.storyboard */,
				D334B62E26E3D48A00C0E8FD /* Info.plist */,
			);
			path = Resources;
			sourceTree = "<group>";
		};
		D334B64426E3DF1400C0E8FD /* Users */ = {
			isa = PBXGroup;
			children = (
				D334B64A26E3E1C900C0E8FD /* Loader */,
				D334B64726E3DF4D00C0E8FD /* View */,
				D334B64526E3DF2D00C0E8FD /* UsersViewController.swift */,
			);
			path = Users;
			sourceTree = "<group>";
		};
		D334B64726E3DF4D00C0E8FD /* View */ = {
			isa = PBXGroup;
			children = (
				D334B64D26E3E87400C0E8FD /* Cell */,
				D334B64826E3DF5B00C0E8FD /* UsersView.swift */,
			);
			path = View;
			sourceTree = "<group>";
		};
		D334B64A26E3E1C900C0E8FD /* Loader */ = {
			isa = PBXGroup;
			children = (
				D334B64B26E3E1D900C0E8FD /* UsersLoader.swift */,
			);
			path = Loader;
			sourceTree = "<group>";
		};
		D334B64D26E3E87400C0E8FD /* Cell */ = {
			isa = PBXGroup;
			children = (
				D334B64E26E3E88300C0E8FD /* UserCell.swift */,
			);
			path = Cell;
			sourceTree = "<group>";
		};
		D334B65026E3EE2400C0E8FD /* Photos */ = {
			isa = PBXGroup;
			children = (
				D334B65626E3F37F00C0E8FD /* Loader */,
				D334B65326E3EE7C00C0E8FD /* View */,
				D334B65126E3EE3A00C0E8FD /* PhotosViewController.swift */,
			);
			path = Photos;
			sourceTree = "<group>";
		};
		D334B65326E3EE7C00C0E8FD /* View */ = {
			isa = PBXGroup;
			children = (
				D334B65926E40B8200C0E8FD /* Cell */,
				D334B65426E3EE8900C0E8FD /* PhotosView.swift */,
			);
			path = View;
			sourceTree = "<group>";
		};
		D334B65626E3F37F00C0E8FD /* Loader */ = {
			isa = PBXGroup;
			children = (
				D334B65726E3F38F00C0E8FD /* PhotosLoader.swift */,
			);
			path = Loader;
			sourceTree = "<group>";
		};
		D334B65926E40B8200C0E8FD /* Cell */ = {
			isa = PBXGroup;
			children = (
				D334B65A26E40B8D00C0E8FD /* PhotoCell.swift */,
			);
			path = Cell;
			sourceTree = "<group>";
		};
		D334B65F26E51B4E00C0E8FD /* View */ = {
			isa = PBXGroup;
			children = (
				D334B66026E51B5C00C0E8FD /* ImageView.swift */,
			);
			path = View;
			sourceTree = "<group>";
		};
		D334B66426E5695C00C0E8FD /* Albums */ = {
			isa = PBXGroup;
			children = (
				D334B66D26E5778D00C0E8FD /* Loader */,
				D334B66526E5696700C0E8FD /* View */,
				D334B66826E56A8F00C0E8FD /* AlbumsViewController.swift */,
			);
			path = Albums;
			sourceTree = "<group>";
		};
		D334B66526E5696700C0E8FD /* View */ = {
			isa = PBXGroup;
			children = (
				D334B66A26E56B4E00C0E8FD /* Cell */,
				D334B66626E5697200C0E8FD /* AlbumsView.swift */,
			);
			path = View;
			sourceTree = "<group>";
		};
		D334B66A26E56B4E00C0E8FD /* Cell */ = {
			isa = PBXGroup;
			children = (
				D334B66B26E56B5C00C0E8FD /* AlbumCell.swift */,
			);
			path = Cell;
			sourceTree = "<group>";
		};
		D334B66D26E5778D00C0E8FD /* Loader */ = {
			isa = PBXGroup;
			children = (
				D334B66E26E577A000C0E8FD /* AlbumsLoader.swift */,
			);
			path = Loader;
			sourceTree = "<group>";
		};
/* End PBXGroup section */

/* Begin PBXNativeTarget section */
		D334B61926E3D48800C0E8FD /* jsonplaceholder_test_ios */ = {
			isa = PBXNativeTarget;
			buildConfigurationList = D334B63126E3D48A00C0E8FD /* Build configuration list for PBXNativeTarget "jsonplaceholder_test_ios" */;
			buildPhases = (
				D334B61626E3D48800C0E8FD /* Sources */,
				D334B61726E3D48800C0E8FD /* Frameworks */,
				D334B61826E3D48800C0E8FD /* Resources */,
			);
			buildRules = (
			);
			dependencies = (
			);
			name = jsonplaceholder_test_ios;
			productName = jsonplaceholder_test_ios;
			productReference = D334B61A26E3D48800C0E8FD /* jsonplaceholder_test_ios.app */;
			productType = "com.apple.product-type.application";
		};
/* End PBXNativeTarget section */

/* Begin PBXProject section */
		D334B61226E3D48800C0E8FD /* Project object */ = {
			isa = PBXProject;
			attributes = {
				LastSwiftUpdateCheck = 1250;
				LastUpgradeCheck = 1250;
				TargetAttributes = {
					D334B61926E3D48800C0E8FD = {
						CreatedOnToolsVersion = 12.5;
					};
				};
			};
			buildConfigurationList = D334B61526E3D48800C0E8FD /* Build configuration list for PBXProject "jsonplaceholder_test_ios" */;
			compatibilityVersion = "Xcode 9.3";
			developmentRegion = en;
			hasScannedForEncodings = 0;
			knownRegions = (
				en,
				Base,
			);
			mainGroup = D334B61126E3D48800C0E8FD;
			productRefGroup = D334B61B26E3D48800C0E8FD /* Products */;
			projectDirPath = "";
			projectRoot = "";
			targets = (
				D334B61926E3D48800C0E8FD /* jsonplaceholder_test_ios */,
			);
		};
/* End PBXProject section */

/* Begin PBXResourcesBuildPhase section */
		D334B61826E3D48800C0E8FD /* Resources */ = {
			isa = PBXResourcesBuildPhase;
			buildActionMask = 2147483647;
			files = (
				D334B62D26E3D48A00C0E8FD /* LaunchScreen.storyboard in Resources */,
				D334B62A26E3D48A00C0E8FD /* Assets.xcassets in Resources */,
			);
			runOnlyForDeploymentPostprocessing = 0;
		};
/* End PBXResourcesBuildPhase section */

/* Begin PBXSourcesBuildPhase section */
		D334B61626E3D48800C0E8FD /* Sources */ = {
			isa = PBXSourcesBuildPhase;
			buildActionMask = 2147483647;
			files = (
				D334B65B26E40B8D00C0E8FD /* PhotoCell.swift in Sources */,
				D334B63B26E3D74400C0E8FD /* Photo.swift in Sources */,
				D334B65226E3EE3A00C0E8FD /* PhotosViewController.swift in Sources */,
				D334B61E26E3D48800C0E8FD /* AppDelegate.swift in Sources */,
				D334B65826E3F38F00C0E8FD /* PhotosLoader.swift in Sources */,
				D334B66F26E577A000C0E8FD /* AlbumsLoader.swift in Sources */,
				D334B66926E56A8F00C0E8FD /* AlbumsViewController.swift in Sources */,
				D334B62026E3D48800C0E8FD /* SceneDelegate.swift in Sources */,
				D334B63726E3D65A00C0E8FD /* User.swift in Sources */,
				D334B64C26E3E1D900C0E8FD /* UsersLoader.swift in Sources */,
				D334B66126E51B5C00C0E8FD /* ImageView.swift in Sources */,
				D334B66726E5697200C0E8FD /* AlbumsView.swift in Sources */,
				D334B64926E3DF5B00C0E8FD /* UsersView.swift in Sources */,
				D334B64626E3DF2D00C0E8FD /* UsersViewController.swift in Sources */,
				D334B64F26E3E88300C0E8FD /* UserCell.swift in Sources */,
				D334B63926E3D6E100C0E8FD /* Album.swift in Sources */,
				D334B65526E3EE8900C0E8FD /* PhotosView.swift in Sources */,
				D334B66C26E56B5C00C0E8FD /* AlbumCell.swift in Sources */,
			);
			runOnlyForDeploymentPostprocessing = 0;
		};
/* End PBXSourcesBuildPhase section */

/* Begin PBXVariantGroup section */
		D334B62B26E3D48A00C0E8FD /* LaunchScreen.storyboard */ = {
			isa = PBXVariantGroup;
			children = (
				D334B62C26E3D48A00C0E8FD /* Base */,
			);
			name = LaunchScreen.storyboard;
			sourceTree = "<group>";
		};
/* End PBXVariantGroup section */

/* Begin XCBuildConfiguration section */
		D334B62F26E3D48A00C0E8FD /* Debug */ = {
			isa = XCBuildConfiguration;
			buildSettings = {
				ALWAYS_SEARCH_USER_PATHS = NO;
				CLANG_ANALYZER_NONNULL = YES;
				CLANG_ANALYZER_NUMBER_OBJECT_CONVERSION = YES_AGGRESSIVE;
				CLANG_CXX_LANGUAGE_STANDARD = "gnu++14";
				CLANG_CXX_LIBRARY = "libc++";
				CLANG_ENABLE_MODULES = YES;
				CLANG_ENABLE_OBJC_ARC = YES;
				CLANG_ENABLE_OBJC_WEAK = YES;
				CLANG_WARN_BLOCK_CAPTURE_AUTORELEASING = YES;
				CLANG_WARN_BOOL_CONVERSION = YES;
				CLANG_WARN_COMMA = YES;
				CLANG_WARN_CONSTANT_CONVERSION = YES;
				CLANG_WARN_DEPRECATED_OBJC_IMPLEMENTATIONS = YES;
				CLANG_WARN_DIRECT_OBJC_ISA_USAGE = YES_ERROR;
				CLANG_WARN_DOCUMENTATION_COMMENTS = YES;
				CLANG_WARN_EMPTY_BODY = YES;
				CLANG_WARN_ENUM_CONVERSION = YES;
				CLANG_WARN_INFINITE_RECURSION = YES;
				CLANG_WARN_INT_CONVERSION = YES;
				CLANG_WARN_NON_LITERAL_NULL_CONVERSION = YES;
				CLANG_WARN_OBJC_IMPLICIT_RETAIN_SELF = YES;
				CLANG_WARN_OBJC_LITERAL_CONVERSION = YES;
				CLANG_WARN_OBJC_ROOT_CLASS = YES_ERROR;
				CLANG_WARN_QUOTED_INCLUDE_IN_FRAMEWORK_HEADER = YES;
				CLANG_WARN_RANGE_LOOP_ANALYSIS = YES;
				CLANG_WARN_STRICT_PROTOTYPES = YES;
				CLANG_WARN_SUSPICIOUS_MOVE = YES;
				CLANG_WARN_UNGUARDED_AVAILABILITY = YES_AGGRESSIVE;
				CLANG_WARN_UNREACHABLE_CODE = YES;
				CLANG_WARN__DUPLICATE_METHOD_MATCH = YES;
				COPY_PHASE_STRIP = NO;
				DEBUG_INFORMATION_FORMAT = dwarf;
				ENABLE_STRICT_OBJC_MSGSEND = YES;
				ENABLE_TESTABILITY = YES;
				GCC_C_LANGUAGE_STANDARD = gnu11;
				GCC_DYNAMIC_NO_PIC = NO;
				GCC_NO_COMMON_BLOCKS = YES;
				GCC_OPTIMIZATION_LEVEL = 0;
				GCC_PREPROCESSOR_DEFINITIONS = (
					"DEBUG=1",
					"$(inherited)",
				);
				GCC_WARN_64_TO_32_BIT_CONVERSION = YES;
				GCC_WARN_ABOUT_RETURN_TYPE = YES_ERROR;
				GCC_WARN_UNDECLARED_SELECTOR = YES;
				GCC_WARN_UNINITIALIZED_AUTOS = YES_AGGRESSIVE;
				GCC_WARN_UNUSED_FUNCTION = YES;
				GCC_WARN_UNUSED_VARIABLE = YES;
				IPHONEOS_DEPLOYMENT_TARGET = 14.5;
				MTL_ENABLE_DEBUG_INFO = INCLUDE_SOURCE;
				MTL_FAST_MATH = YES;
				ONLY_ACTIVE_ARCH = YES;
				SDKROOT = iphoneos;
				SWIFT_ACTIVE_COMPILATION_CONDITIONS = DEBUG;
				SWIFT_OPTIMIZATION_LEVEL = "-Onone";
			};
			name = Debug;
		};
		D334B63026E3D48A00C0E8FD /* Release */ = {
			isa = XCBuildConfiguration;
			buildSettings = {
				ALWAYS_SEARCH_USER_PATHS = NO;
				CLANG_ANALYZER_NONNULL = YES;
				CLANG_ANALYZER_NUMBER_OBJECT_CONVERSION = YES_AGGRESSIVE;
				CLANG_CXX_LANGUAGE_STANDARD = "gnu++14";
				CLANG_CXX_LIBRARY = "libc++";
				CLANG_ENABLE_MODULES = YES;
				CLANG_ENABLE_OBJC_ARC = YES;
				CLANG_ENABLE_OBJC_WEAK = YES;
				CLANG_WARN_BLOCK_CAPTURE_AUTORELEASING = YES;
				CLANG_WARN_BOOL_CONVERSION = YES;
				CLANG_WARN_COMMA = YES;
				CLANG_WARN_CONSTANT_CONVERSION = YES;
				CLANG_WARN_DEPRECATED_OBJC_IMPLEMENTATIONS = YES;
				CLANG_WARN_DIRECT_OBJC_ISA_USAGE = YES_ERROR;
				CLANG_WARN_DOCUMENTATION_COMMENTS = YES;
				CLANG_WARN_EMPTY_BODY = YES;
				CLANG_WARN_ENUM_CONVERSION = YES;
				CLANG_WARN_INFINITE_RECURSION = YES;
				CLANG_WARN_INT_CONVERSION = YES;
				CLANG_WARN_NON_LITERAL_NULL_CONVERSION = YES;
				CLANG_WARN_OBJC_IMPLICIT_RETAIN_SELF = YES;
				CLANG_WARN_OBJC_LITERAL_CONVERSION = YES;
				CLANG_WARN_OBJC_ROOT_CLASS = YES_ERROR;
				CLANG_WARN_QUOTED_INCLUDE_IN_FRAMEWORK_HEADER = YES;
				CLANG_WARN_RANGE_LOOP_ANALYSIS = YES;
				CLANG_WARN_STRICT_PROTOTYPES = YES;
				CLANG_WARN_SUSPICIOUS_MOVE = YES;
				CLANG_WARN_UNGUARDED_AVAILABILITY = YES_AGGRESSIVE;
				CLANG_WARN_UNREACHABLE_CODE = YES;
				CLANG_WARN__DUPLICATE_METHOD_MATCH = YES;
				COPY_PHASE_STRIP = NO;
				DEBUG_INFORMATION_FORMAT = "dwarf-with-dsym";
				ENABLE_NS_ASSERTIONS = NO;
				ENABLE_STRICT_OBJC_MSGSEND = YES;
				GCC_C_LANGUAGE_STANDARD = gnu11;
				GCC_NO_COMMON_BLOCKS = YES;
				GCC_WARN_64_TO_32_BIT_CONVERSION = YES;
				GCC_WARN_ABOUT_RETURN_TYPE = YES_ERROR;
				GCC_WARN_UNDECLARED_SELECTOR = YES;
				GCC_WARN_UNINITIALIZED_AUTOS = YES_AGGRESSIVE;
				GCC_WARN_UNUSED_FUNCTION = YES;
				GCC_WARN_UNUSED_VARIABLE = YES;
				IPHONEOS_DEPLOYMENT_TARGET = 14.5;
				MTL_ENABLE_DEBUG_INFO = NO;
				MTL_FAST_MATH = YES;
				SDKROOT = iphoneos;
				SWIFT_COMPILATION_MODE = wholemodule;
				SWIFT_OPTIMIZATION_LEVEL = "-O";
				VALIDATE_PRODUCT = YES;
			};
			name = Release;
		};
		D334B63226E3D48A00C0E8FD /* Debug */ = {
			isa = XCBuildConfiguration;
			buildSettings = {
				ASSETCATALOG_COMPILER_APPICON_NAME = AppIcon;
				ASSETCATALOG_COMPILER_GLOBAL_ACCENT_COLOR_NAME = AccentColor;
				CODE_SIGN_STYLE = Automatic;
				DEVELOPMENT_TEAM = ZMQ4ZK98M9;
				INFOPLIST_FILE = jsonplaceholder_test_ios/Resources/Info.plist;
				IPHONEOS_DEPLOYMENT_TARGET = 13.2;
				LD_RUNPATH_SEARCH_PATHS = (
					"$(inherited)",
					"@executable_path/Frameworks",
				);
				PRODUCT_BUNDLE_IDENTIFIER = "com.andreyleganov.jsonplaceholder-test-ios";
				PRODUCT_NAME = "$(TARGET_NAME)";
				SWIFT_VERSION = 5.0;
				TARGETED_DEVICE_FAMILY = "1,2";
			};
			name = Debug;
		};
		D334B63326E3D48A00C0E8FD /* Release */ = {
			isa = XCBuildConfiguration;
			buildSettings = {
				ASSETCATALOG_COMPILER_APPICON_NAME = AppIcon;
				ASSETCATALOG_COMPILER_GLOBAL_ACCENT_COLOR_NAME = AccentColor;
				CODE_SIGN_STYLE = Automatic;
				DEVELOPMENT_TEAM = ZMQ4ZK98M9;
				INFOPLIST_FILE = jsonplaceholder_test_ios/Resources/Info.plist;
				IPHONEOS_DEPLOYMENT_TARGET = 13.2;
				LD_RUNPATH_SEARCH_PATHS = (
					"$(inherited)",
					"@executable_path/Frameworks",
				);
				PRODUCT_BUNDLE_IDENTIFIER = "com.andreyleganov.jsonplaceholder-test-ios";
				PRODUCT_NAME = "$(TARGET_NAME)";
				SWIFT_VERSION = 5.0;
				TARGETED_DEVICE_FAMILY = "1,2";
			};
			name = Release;
		};
/* End XCBuildConfiguration section */

/* Begin XCConfigurationList section */
		D334B61526E3D48800C0E8FD /* Build configuration list for PBXProject "jsonplaceholder_test_ios" */ = {
			isa = XCConfigurationList;
			buildConfigurations = (
				D334B62F26E3D48A00C0E8FD /* Debug */,
				D334B63026E3D48A00C0E8FD /* Release */,
			);
			defaultConfigurationIsVisible = 0;
			defaultConfigurationName = Release;
		};
		D334B63126E3D48A00C0E8FD /* Build configuration list for PBXNativeTarget "jsonplaceholder_test_ios" */ = {
			isa = XCConfigurationList;
			buildConfigurations = (
				D334B63226E3D48A00C0E8FD /* Debug */,
				D334B63326E3D48A00C0E8FD /* Release */,
			);
			defaultConfigurationIsVisible = 0;
			defaultConfigurationName = Release;
		};
/* End XCConfigurationList section */
	};
	rootObject = D334B61226E3D48800C0E8FD /* Project object */;
}
